// !$*UTF8*$!
{
	archiveVersion = 1;
	classes = {
	};
	objectVersion = 77;
	objects = {

/* Begin PBXContainerItemProxy section */
		612FBEB22CCD9BB400167EE5 /* PBXContainerItemProxy */ = {
			isa = PBXContainerItemProxy;
			containerPortal = 612FBE972CCD9BB100167EE5 /* Project object */;
			proxyType = 1;
			remoteGlobalIDString = 612FBE9E2CCD9BB100167EE5;
			remoteInfo = DuckPic;
		};
		612FBEBC2CCD9BB400167EE5 /* PBXContainerItemProxy */ = {
			isa = PBXContainerItemProxy;
			containerPortal = 612FBE972CCD9BB100167EE5 /* Project object */;
			proxyType = 1;
			remoteGlobalIDString = 612FBE9E2CCD9BB100167EE5;
			remoteInfo = DuckPic;
		};
/* End PBXContainerItemProxy section */

/* Begin PBXFileReference section */
		612FBE9F2CCD9BB100167EE5 /* DuckPic.app */ = {isa = PBXFileReference; explicitFileType = wrapper.application; includeInIndex = 0; path = DuckPic.app; sourceTree = BUILT_PRODUCTS_DIR; };
		612FBEB12CCD9BB400167EE5 /* DuckPicTests.xctest */ = {isa = PBXFileReference; explicitFileType = wrapper.cfbundle; includeInIndex = 0; path = DuckPicTests.xctest; sourceTree = BUILT_PRODUCTS_DIR; };
		612FBEBB2CCD9BB400167EE5 /* DuckPicUITests.xctest */ = {isa = PBXFileReference; explicitFileType = wrapper.cfbundle; includeInIndex = 0; path = DuckPicUITests.xctest; sourceTree = BUILT_PRODUCTS_DIR; };
/* End PBXFileReference section */

/* Begin PBXFileSystemSynchronizedRootGroup section */
		612FBEA12CCD9BB100167EE5 /* DuckPic */ = {
			isa = PBXFileSystemSynchronizedRootGroup;
			path = DuckPic;
			sourceTree = "<group>";
		};
		612FBEB42CCD9BB400167EE5 /* DuckPicTests */ = {
			isa = PBXFileSystemSynchronizedRootGroup;
			path = DuckPicTests;
			sourceTree = "<group>";
		};
		612FBEBE2CCD9BB400167EE5 /* DuckPicUITests */ = {
			isa = PBXFileSystemSynchronizedRootGroup;
			path = DuckPicUITests;
			sourceTree = "<group>";
		};
/* End PBXFileSystemSynchronizedRootGroup section */

/* Begin PBXFrameworksBuildPhase section */
		612FBE9C2CCD9BB100167EE5 /* Frameworks */ = {
			isa = PBXFrameworksBuildPhase;
			buildActionMask = 2147483647;
			files = (
			);
			runOnlyForDeploymentPostprocessing = 0;
		};
		612FBEAE2CCD9BB400167EE5 /* Frameworks */ = {
			isa = PBXFrameworksBuildPhase;
			buildActionMask = 2147483647;
			files = (
			);
			runOnlyForDeploymentPostprocessing = 0;
		};
		612FBEB82CCD9BB400167EE5 /* Frameworks */ = {
			isa = PBXFrameworksBuildPhase;
			buildActionMask = 2147483647;
			files = (
			);
			runOnlyForDeploymentPostprocessing = 0;
		};
/* End PBXFrameworksBuildPhase section */

/* Begin PBXGroup section */
		612FBE962CCD9BB100167EE5 = {
			isa = PBXGroup;
			children = (
				612FBEA12CCD9BB100167EE5 /* DuckPic */,
				612FBEB42CCD9BB400167EE5 /* DuckPicTests */,
				612FBEBE2CCD9BB400167EE5 /* DuckPicUITests */,
				612FBEA02CCD9BB100167EE5 /* Products */,
			);
			sourceTree = "<group>";
		};
		612FBEA02CCD9BB100167EE5 /* Products */ = {
			isa = PBXGroup;
			children = (
				612FBE9F2CCD9BB100167EE5 /* DuckPic.app */,
				612FBEB12CCD9BB400167EE5 /* DuckPicTests.xctest */,
				612FBEBB2CCD9BB400167EE5 /* DuckPicUITests.xctest */,
			);
			name = Products;
			sourceTree = "<group>";
		};
/* End PBXGroup section */

/* Begin PBXNativeTarget section */
		612FBE9E2CCD9BB100167EE5 /* DuckPic */ = {
			isa = PBXNativeTarget;
			buildConfigurationList = 612FBEC52CCD9BB400167EE5 /* Build configuration list for PBXNativeTarget "DuckPic" */;
			buildPhases = (
				612FBE9B2CCD9BB100167EE5 /* Sources */,
				612FBE9C2CCD9BB100167EE5 /* Frameworks */,
				612FBE9D2CCD9BB100167EE5 /* Resources */,
			);
			buildRules = (
			);
			dependencies = (
			);
			fileSystemSynchronizedGroups = (
				612FBEA12CCD9BB100167EE5 /* DuckPic */,
			);
			name = DuckPic;
			packageProductDependencies = (
			);
			productName = DuckPic;
			productReference = 612FBE9F2CCD9BB100167EE5 /* DuckPic.app */;
			productType = "com.apple.product-type.application";
		};
		612FBEB02CCD9BB400167EE5 /* DuckPicTests */ = {
			isa = PBXNativeTarget;
			buildConfigurationList = 612FBEC82CCD9BB400167EE5 /* Build configuration list for PBXNativeTarget "DuckPicTests" */;
			buildPhases = (
				612FBEAD2CCD9BB400167EE5 /* Sources */,
				612FBEAE2CCD9BB400167EE5 /* Frameworks */,
				612FBEAF2CCD9BB400167EE5 /* Resources */,
			);
			buildRules = (
			);
			dependencies = (
				612FBEB32CCD9BB400167EE5 /* PBXTargetDependency */,
			);
			fileSystemSynchronizedGroups = (
				612FBEB42CCD9BB400167EE5 /* DuckPicTests */,
			);
			name = DuckPicTests;
			packageProductDependencies = (
			);
			productName = DuckPicTests;
			productReference = 612FBEB12CCD9BB400167EE5 /* DuckPicTests.xctest */;
			productType = "com.apple.product-type.bundle.unit-test";
		};
		612FBEBA2CCD9BB400167EE5 /* DuckPicUITests */ = {
			isa = PBXNativeTarget;
			buildConfigurationList = 612FBECB2CCD9BB400167EE5 /* Build configuration list for PBXNativeTarget "DuckPicUITests" */;
			buildPhases = (
				612FBEB72CCD9BB400167EE5 /* Sources */,
				612FBEB82CCD9BB400167EE5 /* Frameworks */,
				612FBEB92CCD9BB400167EE5 /* Resources */,
			);
			buildRules = (
			);
			dependencies = (
				612FBEBD2CCD9BB400167EE5 /* PBXTargetDependency */,
			);
			fileSystemSynchronizedGroups = (
				612FBEBE2CCD9BB400167EE5 /* DuckPicUITests */,
			);
			name = DuckPicUITests;
			packageProductDependencies = (
			);
			productName = DuckPicUITests;
			productReference = 612FBEBB2CCD9BB400167EE5 /* DuckPicUITests.xctest */;
			productType = "com.apple.product-type.bundle.ui-testing";
		};
/* End PBXNativeTarget section */

/* Begin PBXProject section */
		612FBE972CCD9BB100167EE5 /* Project object */ = {
			isa = PBXProject;
			attributes = {
				BuildIndependentTargetsInParallel = 1;
				LastSwiftUpdateCheck = 1600;
				LastUpgradeCheck = 1600;
				TargetAttributes = {
					612FBE9E2CCD9BB100167EE5 = {
						CreatedOnToolsVersion = 16.0;
					};
					612FBEB02CCD9BB400167EE5 = {
						CreatedOnToolsVersion = 16.0;
						TestTargetID = 612FBE9E2CCD9BB100167EE5;
					};
					612FBEBA2CCD9BB400167EE5 = {
						CreatedOnToolsVersion = 16.0;
						TestTargetID = 612FBE9E2CCD9BB100167EE5;
					};
				};
			};
			buildConfigurationList = 612FBE9A2CCD9BB100167EE5 /* Build configuration list for PBXProject "DuckPic" */;
			developmentRegion = en;
			hasScannedForEncodings = 0;
			knownRegions = (
				en,
				Base,
			);
			mainGroup = 612FBE962CCD9BB100167EE5;
			minimizedProjectReferenceProxies = 1;
			preferredProjectObjectVersion = 77;
			productRefGroup = 612FBEA02CCD9BB100167EE5 /* Products */;
			projectDirPath = "";
			projectRoot = "";
			targets = (
				612FBE9E2CCD9BB100167EE5 /* DuckPic */,
				612FBEB02CCD9BB400167EE5 /* DuckPicTests */,
				612FBEBA2CCD9BB400167EE5 /* DuckPicUITests */,
			);
		};
/* End PBXProject section */

/* Begin PBXResourcesBuildPhase section */
		612FBE9D2CCD9BB100167EE5 /* Resources */ = {
			isa = PBXResourcesBuildPhase;
			buildActionMask = 2147483647;
			files = (
			);
			runOnlyForDeploymentPostprocessing = 0;
		};
		612FBEAF2CCD9BB400167EE5 /* Resources */ = {
			isa = PBXResourcesBuildPhase;
			buildActionMask = 2147483647;
			files = (
			);
			runOnlyForDeploymentPostprocessing = 0;
		};
		612FBEB92CCD9BB400167EE5 /* Resources */ = {
			isa = PBXResourcesBuildPhase;
			buildActionMask = 2147483647;
			files = (
			);
			runOnlyForDeploymentPostprocessing = 0;
		};
/* End PBXResourcesBuildPhase section */

/* Begin PBXSourcesBuildPhase section */
		612FBE9B2CCD9BB100167EE5 /* Sources */ = {
			isa = PBXSourcesBuildPhase;
			buildActionMask = 2147483647;
			files = (
			);
			runOnlyForDeploymentPostprocessing = 0;
		};
		612FBEAD2CCD9BB400167EE5 /* Sources */ = {
			isa = PBXSourcesBuildPhase;
			buildActionMask = 2147483647;
			files = (
			);
			runOnlyForDeploymentPostprocessing = 0;
		};
		612FBEB72CCD9BB400167EE5 /* Sources */ = {
			isa = PBXSourcesBuildPhase;
			buildActionMask = 2147483647;
			files = (
			);
			runOnlyForDeploymentPostprocessing = 0;
		};
/* End PBXSourcesBuildPhase section */

/* Begin PBXTargetDependency section */
		612FBEB32CCD9BB400167EE5 /* PBXTargetDependency */ = {
			isa = PBXTargetDependency;
			target = 612FBE9E2CCD9BB100167EE5 /* DuckPic */;
			targetProxy = 612FBEB22CCD9BB400167EE5 /* PBXContainerItemProxy */;
		};
		612FBEBD2CCD9BB400167EE5 /* PBXTargetDependency */ = {
			isa = PBXTargetDependency;
			target = 612FBE9E2CCD9BB100167EE5 /* DuckPic */;
			targetProxy = 612FBEBC2CCD9BB400167EE5 /* PBXContainerItemProxy */;
		};
/* End PBXTargetDependency section */

/* Begin XCBuildConfiguration section */
		612FBEC32CCD9BB400167EE5 /* Debug */ = {
			isa = XCBuildConfiguration;
			buildSettings = {
				ALWAYS_SEARCH_USER_PATHS = NO;
				ASSETCATALOG_COMPILER_GENERATE_SWIFT_ASSET_SYMBOL_EXTENSIONS = YES;
				CLANG_ANALYZER_NONNULL = YES;
				CLANG_ANALYZER_NUMBER_OBJECT_CONVERSION = YES_AGGRESSIVE;
				CLANG_CXX_LANGUAGE_STANDARD = "gnu++20";
				CLANG_ENABLE_MODULES = YES;
				CLANG_ENABLE_OBJC_ARC = YES;
				CLANG_ENABLE_OBJC_WEAK = YES;
				CLANG_WARN_BLOCK_CAPTURE_AUTORELEASING = YES;
				CLANG_WARN_BOOL_CONVERSION = YES;
				CLANG_WARN_COMMA = YES;
				CLANG_WARN_CONSTANT_CONVERSION = YES;
				CLANG_WARN_DEPRECATED_OBJC_IMPLEMENTATIONS = YES;
				CLANG_WARN_DIRECT_OBJC_ISA_USAGE = YES_ERROR;
				CLANG_WARN_DOCUMENTATION_COMMENTS = YES;
				CLANG_WARN_EMPTY_BODY = YES;
				CLANG_WARN_ENUM_CONVERSION = YES;
				CLANG_WARN_INFINITE_RECURSION = YES;
				CLANG_WARN_INT_CONVERSION = YES;
				CLANG_WARN_NON_LITERAL_NULL_CONVERSION = YES;
				CLANG_WARN_OBJC_IMPLICIT_RETAIN_SELF = YES;
				CLANG_WARN_OBJC_LITERAL_CONVERSION = YES;
				CLANG_WARN_OBJC_ROOT_CLASS = YES_ERROR;
				CLANG_WARN_QUOTED_INCLUDE_IN_FRAMEWORK_HEADER = YES;
				CLANG_WARN_RANGE_LOOP_ANALYSIS = YES;
				CLANG_WARN_STRICT_PROTOTYPES = YES;
				CLANG_WARN_SUSPICIOUS_MOVE = YES;
				CLANG_WARN_UNGUARDED_AVAILABILITY = YES_AGGRESSIVE;
				CLANG_WARN_UNREACHABLE_CODE = YES;
				CLANG_WARN__DUPLICATE_METHOD_MATCH = YES;
				COPY_PHASE_STRIP = NO;
				DEBUG_INFORMATION_FORMAT = dwarf;
				ENABLE_STRICT_OBJC_MSGSEND = YES;
				ENABLE_TESTABILITY = YES;
				ENABLE_USER_SCRIPT_SANDBOXING = YES;
				GCC_C_LANGUAGE_STANDARD = gnu17;
				GCC_DYNAMIC_NO_PIC = NO;
				GCC_NO_COMMON_BLOCKS = YES;
				GCC_OPTIMIZATION_LEVEL = 0;
				GCC_PREPROCESSOR_DEFINITIONS = (
					"DEBUG=1",
					"$(inherited)",
				);
				GCC_WARN_64_TO_32_BIT_CONVERSION = YES;
				GCC_WARN_ABOUT_RETURN_TYPE = YES_ERROR;
				GCC_WARN_UNDECLARED_SELECTOR = YES;
				GCC_WARN_UNINITIALIZED_AUTOS = YES_AGGRESSIVE;
				GCC_WARN_UNUSED_FUNCTION = YES;
				GCC_WARN_UNUSED_VARIABLE = YES;
				IPHONEOS_DEPLOYMENT_TARGET = 18.0;
				LOCALIZATION_PREFERS_STRING_CATALOGS = YES;
				MTL_ENABLE_DEBUG_INFO = INCLUDE_SOURCE;
				MTL_FAST_MATH = YES;
				ONLY_ACTIVE_ARCH = YES;
				SDKROOT = iphoneos;
				SWIFT_ACTIVE_COMPILATION_CONDITIONS = "DEBUG $(inherited)";
				SWIFT_OPTIMIZATION_LEVEL = "-Onone";
			};
			name = Debug;
		};
		612FBEC42CCD9BB400167EE5 /* Release */ = {
			isa = XCBuildConfiguration;
			buildSettings = {
				ALWAYS_SEARCH_USER_PATHS = NO;
				ASSETCATALOG_COMPILER_GENERATE_SWIFT_ASSET_SYMBOL_EXTENSIONS = YES;
				CLANG_ANALYZER_NONNULL = YES;
				CLANG_ANALYZER_NUMBER_OBJECT_CONVERSION = YES_AGGRESSIVE;
				CLANG_CXX_LANGUAGE_STANDARD = "gnu++20";
				CLANG_ENABLE_MODULES = YES;
				CLANG_ENABLE_OBJC_ARC = YES;
				CLANG_ENABLE_OBJC_WEAK = YES;
				CLANG_WARN_BLOCK_CAPTURE_AUTORELEASING = YES;
				CLANG_WARN_BOOL_CONVERSION = YES;
				CLANG_WARN_COMMA = YES;
				CLANG_WARN_CONSTANT_CONVERSION = YES;
				CLANG_WARN_DEPRECATED_OBJC_IMPLEMENTATIONS = YES;
				CLANG_WARN_DIRECT_OBJC_ISA_USAGE = YES_ERROR;
				CLANG_WARN_DOCUMENTATION_COMMENTS = YES;
				CLANG_WARN_EMPTY_BODY = YES;
				CLANG_WARN_ENUM_CONVERSION = YES;
				CLANG_WARN_INFINITE_RECURSION = YES;
				CLANG_WARN_INT_CONVERSION = YES;
				CLANG_WARN_NON_LITERAL_NULL_CONVERSION = YES;
				CLANG_WARN_OBJC_IMPLICIT_RETAIN_SELF = YES;
				CLANG_WARN_OBJC_LITERAL_CONVERSION = YES;
				CLANG_WARN_OBJC_ROOT_CLASS = YES_ERROR;
				CLANG_WARN_QUOTED_INCLUDE_IN_FRAMEWORK_HEADER = YES;
				CLANG_WARN_RANGE_LOOP_ANALYSIS = YES;
				CLANG_WARN_STRICT_PROTOTYPES = YES;
				CLANG_WARN_SUSPICIOUS_MOVE = YES;
				CLANG_WARN_UNGUARDED_AVAILABILITY = YES_AGGRESSIVE;
				CLANG_WARN_UNREACHABLE_CODE = YES;
				CLANG_WARN__DUPLICATE_METHOD_MATCH = YES;
				COPY_PHASE_STRIP = NO;
				DEBUG_INFORMATION_FORMAT = "dwarf-with-dsym";
				ENABLE_NS_ASSERTIONS = NO;
				ENABLE_STRICT_OBJC_MSGSEND = YES;
				ENABLE_USER_SCRIPT_SANDBOXING = YES;
				GCC_C_LANGUAGE_STANDARD = gnu17;
				GCC_NO_COMMON_BLOCKS = YES;
				GCC_WARN_64_TO_32_BIT_CONVERSION = YES;
				GCC_WARN_ABOUT_RETURN_TYPE = YES_ERROR;
				GCC_WARN_UNDECLARED_SELECTOR = YES;
				GCC_WARN_UNINITIALIZED_AUTOS = YES_AGGRESSIVE;
				GCC_WARN_UNUSED_FUNCTION = YES;
				GCC_WARN_UNUSED_VARIABLE = YES;
				IPHONEOS_DEPLOYMENT_TARGET = 18.0;
				LOCALIZATION_PREFERS_STRING_CATALOGS = YES;
				MTL_ENABLE_DEBUG_INFO = NO;
				MTL_FAST_MATH = YES;
				SDKROOT = iphoneos;
				SWIFT_COMPILATION_MODE = wholemodule;
				VALIDATE_PRODUCT = YES;
			};
			name = Release;
		};
		612FBEC62CCD9BB400167EE5 /* Debug */ = {
			isa = XCBuildConfiguration;
			buildSettings = {
				ASSETCATALOG_COMPILER_APPICON_NAME = AppIcon;
				ASSETCATALOG_COMPILER_GLOBAL_ACCENT_COLOR_NAME = AccentColor;
				CODE_SIGN_STYLE = Automatic;
				CURRENT_PROJECT_VERSION = 1;
				DEVELOPMENT_ASSET_PATHS = "\"DuckPic/Preview Content\"";
				ENABLE_PREVIEWS = YES;
				GENERATE_INFOPLIST_FILE = YES;
				INFOPLIST_KEY_UIApplicationSceneManifest_Generation = YES;
				INFOPLIST_KEY_UIApplicationSupportsIndirectInputEvents = YES;
				INFOPLIST_KEY_UILaunchScreen_Generation = YES;
				INFOPLIST_KEY_UISupportedInterfaceOrientations_iPad = "UIInterfaceOrientationPortrait UIInterfaceOrientationPortraitUpsideDown UIInterfaceOrientationLandscapeLeft UIInterfaceOrientationLandscapeRight";
				INFOPLIST_KEY_UISupportedInterfaceOrientations_iPhone = "UIInterfaceOrientationPortrait UIInterfaceOrientationLandscapeLeft UIInterfaceOrientationLandscapeRight";
				LD_RUNPATH_SEARCH_PATHS = (
					"$(inherited)",
					"@executable_path/Frameworks",
				);
				MARKETING_VERSION = 1.0;
				PRODUCT_BUNDLE_IDENTIFIER = Pajprod.DuckPic;
				PRODUCT_NAME = "$(TARGET_NAME)";
				SWIFT_EMIT_LOC_STRINGS = YES;
				SWIFT_VERSION = 5.0;
				TARGETED_DEVICE_FAMILY = "1,2";
			};
			name = Debug;
		};
		612FBEC72CCD9BB400167EE5 /* Release */ = {
			isa = XCBuildConfiguration;
			buildSettings = {
				ASSETCATALOG_COMPILER_APPICON_NAME = AppIcon;
				ASSETCATALOG_COMPILER_GLOBAL_ACCENT_COLOR_NAME = AccentColor;
				CODE_SIGN_STYLE = Automatic;
				CURRENT_PROJECT_VERSION = 1;
				DEVELOPMENT_ASSET_PATHS = "\"DuckPic/Preview Content\"";
				ENABLE_PREVIEWS = YES;
				GENERATE_INFOPLIST_FILE = YES;
				INFOPLIST_KEY_UIApplicationSceneManifest_Generation = YES;
				INFOPLIST_KEY_UIApplicationSupportsIndirectInputEvents = YES;
				INFOPLIST_KEY_UILaunchScreen_Generation = YES;
				INFOPLIST_KEY_UISupportedInterfaceOrientations_iPad = "UIInterfaceOrientationPortrait UIInterfaceOrientationPortraitUpsideDown UIInterfaceOrientationLandscapeLeft UIInterfaceOrientationLandscapeRight";
				INFOPLIST_KEY_UISupportedInterfaceOrientations_iPhone = "UIInterfaceOrientationPortrait UIInterfaceOrientationLandscapeLeft UIInterfaceOrientationLandscapeRight";
				LD_RUNPATH_SEARCH_PATHS = (
					"$(inherited)",
					"@executable_path/Frameworks",
				);
				MARKETING_VERSION = 1.0;
				PRODUCT_BUNDLE_IDENTIFIER = Pajprod.DuckPic;
				PRODUCT_NAME = "$(TARGET_NAME)";
				SWIFT_EMIT_LOC_STRINGS = YES;
				SWIFT_VERSION = 5.0;
				TARGETED_DEVICE_FAMILY = "1,2";
			};
			name = Release;
		};
		612FBEC92CCD9BB400167EE5 /* Debug */ = {
			isa = XCBuildConfiguration;
			buildSettings = {
				BUNDLE_LOADER = "$(TEST_HOST)";
				CODE_SIGN_STYLE = Automatic;
				CURRENT_PROJECT_VERSION = 1;
				GENERATE_INFOPLIST_FILE = YES;
				IPHONEOS_DEPLOYMENT_TARGET = 18.0;
				MARKETING_VERSION = 1.0;
				PRODUCT_BUNDLE_IDENTIFIER = Pajprod.DuckPicTests;
				PRODUCT_NAME = "$(TARGET_NAME)";
				SWIFT_EMIT_LOC_STRINGS = NO;
				SWIFT_VERSION = 5.0;
				TARGETED_DEVICE_FAMILY = "1,2";
				TEST_HOST = "$(BUILT_PRODUCTS_DIR)/DuckPic.app/$(BUNDLE_EXECUTABLE_FOLDER_PATH)/DuckPic";
			};
			name = Debug;
		};
		612FBECA2CCD9BB400167EE5 /* Release */ = {
			isa = XCBuildConfiguration;
			buildSettings = {
				BUNDLE_LOADER = "$(TEST_HOST)";
				CODE_SIGN_STYLE = Automatic;
				CURRENT_PROJECT_VERSION = 1;
				GENERATE_INFOPLIST_FILE = YES;
				IPHONEOS_DEPLOYMENT_TARGET = 18.0;
				MARKETING_VERSION = 1.0;
				PRODUCT_BUNDLE_IDENTIFIER = Pajprod.DuckPicTests;
				PRODUCT_NAME = "$(TARGET_NAME)";
				SWIFT_EMIT_LOC_STRINGS = NO;
				SWIFT_VERSION = 5.0;
				TARGETED_DEVICE_FAMILY = "1,2";
				TEST_HOST = "$(BUILT_PRODUCTS_DIR)/DuckPic.app/$(BUNDLE_EXECUTABLE_FOLDER_PATH)/DuckPic";
			};
			name = Release;
		};
		612FBECC2CCD9BB400167EE5 /* Debug */ = {
			isa = XCBuildConfiguration;
			buildSettings = {
				CODE_SIGN_STYLE = Automatic;
				CURRENT_PROJECT_VERSION = 1;
				GENERATE_INFOPLIST_FILE = YES;
				MARKETING_VERSION = 1.0;
				PRODUCT_BUNDLE_IDENTIFIER = Pajprod.DuckPicUITests;
				PRODUCT_NAME = "$(TARGET_NAME)";
				SWIFT_EMIT_LOC_STRINGS = NO;
				SWIFT_VERSION = 5.0;
				TARGETED_DEVICE_FAMILY = "1,2";
				TEST_TARGET_NAME = DuckPic;
			};
			name = Debug;
		};
		612FBECD2CCD9BB400167EE5 /* Release */ = {
			isa = XCBuildConfiguration;
			buildSettings = {
				CODE_SIGN_STYLE = Automatic;
				CURRENT_PROJECT_VERSION = 1;
				GENERATE_INFOPLIST_FILE = YES;
				MARKETING_VERSION = 1.0;
				PRODUCT_BUNDLE_IDENTIFIER = Pajprod.DuckPicUITests;
				PRODUCT_NAME = "$(TARGET_NAME)";
				SWIFT_EMIT_LOC_STRINGS = NO;
				SWIFT_VERSION = 5.0;
				TARGETED_DEVICE_FAMILY = "1,2";
				TEST_TARGET_NAME = DuckPic;
			};
			name = Release;
		};
/* End XCBuildConfiguration section */

/* Begin XCConfigurationList section */
		612FBE9A2CCD9BB100167EE5 /* Build configuration list for PBXProject "DuckPic" */ = {
			isa = XCConfigurationList;
			buildConfigurations = (
				612FBEC32CCD9BB400167EE5 /* Debug */,
				612FBEC42CCD9BB400167EE5 /* Release */,
			);
			defaultConfigurationIsVisible = 0;
			defaultConfigurationName = Release;
		};
		612FBEC52CCD9BB400167EE5 /* Build configuration list for PBXNativeTarget "DuckPic" */ = {
			isa = XCConfigurationList;
			buildConfigurations = (
				612FBEC62CCD9BB400167EE5 /* Debug */,
				612FBEC72CCD9BB400167EE5 /* Release */,
			);
			defaultConfigurationIsVisible = 0;
			defaultConfigurationName = Release;
		};
		612FBEC82CCD9BB400167EE5 /* Build configuration list for PBXNativeTarget "DuckPicTests" */ = {
			isa = XCConfigurationList;
			buildConfigurations = (
				612FBEC92CCD9BB400167EE5 /* Debug */,
				612FBECA2CCD9BB400167EE5 /* Release */,
			);
			defaultConfigurationIsVisible = 0;
			defaultConfigurationName = Release;
		};
		612FBECB2CCD9BB400167EE5 /* Build configuration list for PBXNativeTarget "DuckPicUITests" */ = {
			isa = XCConfigurationList;
			buildConfigurations = (
				612FBECC2CCD9BB400167EE5 /* Debug */,
				612FBECD2CCD9BB400167EE5 /* Release */,
			);
			defaultConfigurationIsVisible = 0;
			defaultConfigurationName = Release;
		};
/* End XCConfigurationList section */
	};
	rootObject = 612FBE972CCD9BB100167EE5 /* Project object */;
}
